
Microsoft Visual Studio Solution File, Format Version 12.00
# Visual Studio Version 17
VisualStudioVersion = 17.8.34511.84
MinimumVisualStudioVersion = 10.0.40219.1
Project("{9A19103F-16F7-4668-BE54-9A1E7A4F7556}") = "Tests", "Tests\Tests.csproj", "{B27751B1-7882-4943-81D0-050F8FAA0DF9}"
EndProject
Project("{2150E333-8FDC-42A3-9474-1A3956D46DE8}") = "Solution Items", "Solution Items", "{4D1014BF-36E7-4DA9-BC6F-B0C6895A3FC0}"
	ProjectSection(SolutionItems) = preProject
		.gitignore = .gitignore
	EndProjectSection
EndProject
Project("{9A19103F-16F7-4668-BE54-9A1E7A4F7556}") = "Domain", "Domain\Domain.csproj", "{38D42126-5524-47AA-9108-8D0735B0B296}"
EndProject
Project("{9A19103F-16F7-4668-BE54-9A1E7A4F7556}") = "Application", "Application\Application.csproj", "{7508D0AF-D0E5-4931-A4EB-1F1143D9242E}"
EndProject
Project("{9A19103F-16F7-4668-BE54-9A1E7A4F7556}") = "Infrastructure", "Infrastructure\Infrastructure.csproj", "{5CF88A32-F88B-4A6B-91D1-DCA2DC92679F}"
EndProject
Project("{FAE04EC0-301F-11D3-BF4B-00C04F79EFBC}") = "CsvImportApp", "CsvImportApp\CsvImportApp.csproj", "{729BDF0A-EDE8-4722-8569-4F0C2D2224A3}"
EndProject
Global
	GlobalSection(SolutionConfigurationPlatforms) = preSolution
		Debug|Any CPU = Debug|Any CPU
		Release|Any CPU = Release|Any CPU
	EndGlobalSection
	GlobalSection(ProjectConfigurationPlatforms) = postSolution
		{B27751B1-7882-4943-81D0-050F8FAA0DF9}.Debug|Any CPU.ActiveCfg = Debug|Any CPU
		{B27751B1-7882-4943-81D0-050F8FAA0DF9}.Debug|Any CPU.Build.0 = Debug|Any CPU
		{B27751B1-7882-4943-81D0-050F8FAA0DF9}.Release|Any CPU.ActiveCfg = Release|Any CPU
		{B27751B1-7882-4943-81D0-050F8FAA0DF9}.Release|Any CPU.Build.0 = Release|Any CPU
		{38D42126-5524-47AA-9108-8D0735B0B296}.Debug|Any CPU.ActiveCfg = Debug|Any CPU
		{38D42126-5524-47AA-9108-8D0735B0B296}.Debug|Any CPU.Build.0 = Debug|Any CPU
		{38D42126-5524-47AA-9108-8D0735B0B296}.Release|Any CPU.ActiveCfg = Release|Any CPU
		{38D42126-5524-47AA-9108-8D0735B0B296}.Release|Any CPU.Build.0 = Release|Any CPU
		{7508D0AF-D0E5-4931-A4EB-1F1143D9242E}.Debug|Any CPU.ActiveCfg = Debug|Any CPU
		{7508D0AF-D0E5-4931-A4EB-1F1143D9242E}.Debug|Any CPU.Build.0 = Debug|Any CPU
		{7508D0AF-D0E5-4931-A4EB-1F1143D9242E}.Release|Any CPU.ActiveCfg = Release|Any CPU
		{7508D0AF-D0E5-4931-A4EB-1F1143D9242E}.Release|Any CPU.Build.0 = Release|Any CPU
		{5CF88A32-F88B-4A6B-91D1-DCA2DC92679F}.Debug|Any CPU.ActiveCfg = Debug|Any CPU
		{5CF88A32-F88B-4A6B-91D1-DCA2DC92679F}.Debug|Any CPU.Build.0 = Debug|Any CPU
		{5CF88A32-F88B-4A6B-91D1-DCA2DC92679F}.Release|Any CPU.ActiveCfg = Release|Any CPU
		{5CF88A32-F88B-4A6B-91D1-DCA2DC92679F}.Release|Any CPU.Build.0 = Release|Any CPU
		{729BDF0A-EDE8-4722-8569-4F0C2D2224A3}.Debug|Any CPU.ActiveCfg = Debug|Any CPU
		{729BDF0A-EDE8-4722-8569-4F0C2D2224A3}.Debug|Any CPU.Build.0 = Debug|Any CPU
		{729BDF0A-EDE8-4722-8569-4F0C2D2224A3}.Release|Any CPU.ActiveCfg = Release|Any CPU
		{729BDF0A-EDE8-4722-8569-4F0C2D2224A3}.Release|Any CPU.Build.0 = Release|Any CPU
	EndGlobalSection
	GlobalSection(SolutionProperties) = preSolution
		HideSolutionNode = FALSE
	EndGlobalSection
	GlobalSection(ExtensibilityGlobals) = postSolution
		SolutionGuid = {2A77A48F-3FD4-4C9D-BBA7-049F4F1DFD52}
	EndGlobalSection
EndGlobal
